
Microsoft Visual Studio Solution File, Format Version 12.00
# Visual Studio 14
VisualStudioVersion = 14.0.24720.0
MinimumVisualStudioVersion = 10.0.40219.1
Project("{FAE04EC0-301F-11D3-BF4B-00C04F79EFBC}") = "DrabadanCoreLib", "DrabadanCoreLib.csproj", "{202EA11B-DA21-4718-BECA-CD929C0253A7}"
EndProject
Project("{FAE04EC0-301F-11D3-BF4B-00C04F79EFBC}") = "DrabadanCoreLib_WF_TestApp", "DrabadanCoreLib_WF_TestApp\DrabadanCoreLib_WF_TestApp.csproj", "{22365062-60B7-4918-A5A6-BD6513BCC29E}"
EndProject
Global
	GlobalSection(SolutionConfigurationPlatforms) = preSolution
		Debug|Any CPU = Debug|Any CPU
		Release|Any CPU = Release|Any CPU
	EndGlobalSection
	GlobalSection(ProjectConfigurationPlatforms) = postSolution
		{202EA11B-DA21-4718-BECA-CD929C0253A7}.Debug|Any CPU.ActiveCfg = Debug|Any CPU
		{202EA11B-DA21-4718-BECA-CD929C0253A7}.Debug|Any CPU.Build.0 = Debug|Any CPU
		{202EA11B-DA21-4718-BECA-CD929C0253A7}.Release|Any CPU.ActiveCfg = Release|Any CPU
		{202EA11B-DA21-4718-BECA-CD929C0253A7}.Release|Any CPU.Build.0 = Release|Any CPU
		{22365062-60B7-4918-A5A6-BD6513BCC29E}.Debug|Any CPU.ActiveCfg = Debug|Any CPU
		{22365062-60B7-4918-A5A6-BD6513BCC29E}.Debug|Any CPU.Build.0 = Debug|Any CPU
		{22365062-60B7-4918-A5A6-BD6513BCC29E}.Release|Any CPU.ActiveCfg = Release|Any CPU
		{22365062-60B7-4918-A5A6-BD6513BCC29E}.Release|Any CPU.Build.0 = Release|Any CPU
	EndGlobalSection
	GlobalSection(SolutionProperties) = preSolution
		HideSolutionNode = FALSE
	EndGlobalSection
EndGlobal
